
Microsoft Visual Studio Solution File, Format Version 12.00
# Visual Studio Version 16
VisualStudioVersion = 16.0.29509.3
MinimumVisualStudioVersion = 10.0.40219.1
Project("{FAE04EC0-301F-11D3-BF4B-00C04F79EFBC}") = "Deliverable2", "Deliverable2\Deliverable2.csproj", "{59CAF6C6-BB26-46EC-B84D-D92DD33D7753}"
EndProject
Global
	GlobalSection(SolutionConfigurationPlatforms) = preSolution
		Debug|Any CPU = Debug|Any CPU
		Release|Any CPU = Release|Any CPU
	EndGlobalSection
	GlobalSection(ProjectConfigurationPlatforms) = postSolution
		{59CAF6C6-BB26-46EC-B84D-D92DD33D7753}.Debug|Any CPU.ActiveCfg = Debug|Any CPU
		{59CAF6C6-BB26-46EC-B84D-D92DD33D7753}.Debug|Any CPU.Build.0 = Debug|Any CPU
		{59CAF6C6-BB26-46EC-B84D-D92DD33D7753}.Release|Any CPU.ActiveCfg = Release|Any CPU
		{59CAF6C6-BB26-46EC-B84D-D92DD33D7753}.Release|Any CPU.Build.0 = Release|Any CPU
	EndGlobalSection
	GlobalSection(SolutionProperties) = preSolution
		HideSolutionNode = FALSE
	EndGlobalSection
	GlobalSection(ExtensibilityGlobals) = postSolution
		SolutionGuid = {64E53247-BA74-480D-AFF2-DD20B84D89D1}
	EndGlobalSection
EndGlobal
