
Microsoft Visual Studio Solution File, Format Version 12.00
# Visual Studio Version 16
VisualStudioVersion = 16.0.29509.3
MinimumVisualStudioVersion = 10.0.40219.1
Project("{FAE04EC0-301F-11D3-BF4B-00C04F79EFBC}") = "Deliverable1", "Deliverable1\Deliverable1.csproj", "{FEB51FB2-4695-4673-83A8-00A6DF46D0FB}"
EndProject
Global
	GlobalSection(SolutionConfigurationPlatforms) = preSolution
		Debug|Any CPU = Debug|Any CPU
		Release|Any CPU = Release|Any CPU
	EndGlobalSection
	GlobalSection(ProjectConfigurationPlatforms) = postSolution
		{FEB51FB2-4695-4673-83A8-00A6DF46D0FB}.Debug|Any CPU.ActiveCfg = Debug|Any CPU
		{FEB51FB2-4695-4673-83A8-00A6DF46D0FB}.Debug|Any CPU.Build.0 = Debug|Any CPU
		{FEB51FB2-4695-4673-83A8-00A6DF46D0FB}.Release|Any CPU.ActiveCfg = Release|Any CPU
		{FEB51FB2-4695-4673-83A8-00A6DF46D0FB}.Release|Any CPU.Build.0 = Release|Any CPU
	EndGlobalSection
	GlobalSection(SolutionProperties) = preSolution
		HideSolutionNode = FALSE
	EndGlobalSection
	GlobalSection(ExtensibilityGlobals) = postSolution
		SolutionGuid = {2E8DA7EA-64EF-42D3-9126-0E92651DC198}
	EndGlobalSection
EndGlobal
